
Microsoft Visual Studio Solution File, Format Version 12.00
# Visual Studio Version 17
VisualStudioVersion = 17.14.36414.22 d17.14
MinimumVisualStudioVersion = 10.0.40219.1
Project("{FAE04EC0-301F-11D3-BF4B-00C04F79EFBC}") = "StudentMVCApp.View", "StudentMVCApp\StudentMVCApp.View.csproj", "{A3EBA534-8E7B-4E14-BC96-61C0905FA23D}"
EndProject
Project("{FAE04EC0-301F-11D3-BF4B-00C04F79EFBC}") = "StudentMVCApp.Model", "StudentMVCApp.Model\StudentMVCApp.Model.csproj", "{387AE8D4-F3CA-4206-8263-F3288B2B15AA}"
EndProject
Project("{FAE04EC0-301F-11D3-BF4B-00C04F79EFBC}") = "StudentMVCApp.Controller", "StudentMVCApp.Controller\StudentMVCApp.Controller.csproj", "{6624C654-FFCA-4D64-BFF7-9851AAC453C8}"
EndProject
Global
	GlobalSection(SolutionConfigurationPlatforms) = preSolution
		Debug|Any CPU = Debug|Any CPU
		Release|Any CPU = Release|Any CPU
	EndGlobalSection
	GlobalSection(ProjectConfigurationPlatforms) = postSolution
		{A3EBA534-8E7B-4E14-BC96-61C0905FA23D}.Debug|Any CPU.ActiveCfg = Debug|Any CPU
		{A3EBA534-8E7B-4E14-BC96-61C0905FA23D}.Debug|Any CPU.Build.0 = Debug|Any CPU
		{A3EBA534-8E7B-4E14-BC96-61C0905FA23D}.Release|Any CPU.ActiveCfg = Release|Any CPU
		{A3EBA534-8E7B-4E14-BC96-61C0905FA23D}.Release|Any CPU.Build.0 = Release|Any CPU
		{387AE8D4-F3CA-4206-8263-F3288B2B15AA}.Debug|Any CPU.ActiveCfg = Debug|Any CPU
		{387AE8D4-F3CA-4206-8263-F3288B2B15AA}.Debug|Any CPU.Build.0 = Debug|Any CPU
		{387AE8D4-F3CA-4206-8263-F3288B2B15AA}.Release|Any CPU.ActiveCfg = Release|Any CPU
		{387AE8D4-F3CA-4206-8263-F3288B2B15AA}.Release|Any CPU.Build.0 = Release|Any CPU
		{6624C654-FFCA-4D64-BFF7-9851AAC453C8}.Debug|Any CPU.ActiveCfg = Debug|Any CPU
		{6624C654-FFCA-4D64-BFF7-9851AAC453C8}.Debug|Any CPU.Build.0 = Debug|Any CPU
		{6624C654-FFCA-4D64-BFF7-9851AAC453C8}.Release|Any CPU.ActiveCfg = Release|Any CPU
		{6624C654-FFCA-4D64-BFF7-9851AAC453C8}.Release|Any CPU.Build.0 = Release|Any CPU
	EndGlobalSection
	GlobalSection(SolutionProperties) = preSolution
		HideSolutionNode = FALSE
	EndGlobalSection
	GlobalSection(ExtensibilityGlobals) = postSolution
		SolutionGuid = {6429154B-E7BD-4D01-A5A8-875A6A2ACD1B}
	EndGlobalSection
EndGlobal
